
Microsoft Visual Studio Solution File, Format Version 12.00
# Visual Studio Version 16
VisualStudioVersion = 16.0.30330.147
MinimumVisualStudioVersion = 10.0.40219.1
Project("{9A19103F-16F7-4668-BE54-9A1E7A4F7556}") = "UserService", "UserService\UserService.csproj", "{3D2C43C0-3A7F-4CE0-BCE4-D49ECEBC00AA}"
EndProject
Global
	GlobalSection(SolutionConfigurationPlatforms) = preSolution
		Debug|Any CPU = Debug|Any CPU
		Release|Any CPU = Release|Any CPU
	EndGlobalSection
	GlobalSection(ProjectConfigurationPlatforms) = postSolution
		{3D2C43C0-3A7F-4CE0-BCE4-D49ECEBC00AA}.Debug|Any CPU.ActiveCfg = Debug|Any CPU
		{3D2C43C0-3A7F-4CE0-BCE4-D49ECEBC00AA}.Debug|Any CPU.Build.0 = Debug|Any CPU
		{3D2C43C0-3A7F-4CE0-BCE4-D49ECEBC00AA}.Release|Any CPU.ActiveCfg = Release|Any CPU
		{3D2C43C0-3A7F-4CE0-BCE4-D49ECEBC00AA}.Release|Any CPU.Build.0 = Release|Any CPU
	EndGlobalSection
	GlobalSection(SolutionProperties) = preSolution
		HideSolutionNode = FALSE
	EndGlobalSection
	GlobalSection(ExtensibilityGlobals) = postSolution
		SolutionGuid = {44248756-780C-493B-A700-11BBCEBEAB77}
	EndGlobalSection
EndGlobal
